{
	"name": "@blasterjs/docs-app",
	"version": "0.0.7",
	"lockfileVersion": 1,
	"requires": true,
	"dependencies": {
		"polished": {
			"version": "1.9.3",
			"resolved": "https://registry.npmjs.org/polished/-/polished-1.9.3.tgz",
			"integrity": "sha512-4NmSD7fMFlM8roNxs7YXPv7UFRbYzb0gufR5zBxJLRzY54+zFsavxBo6zsQzP9ep6Hh3pC2pTyrpSTBEaB6IkQ=="
		}
	}
}
